{
  "version": 4,
  "terraform_version": "1.0.0",
  "serial": 30,
  "lineage": "56dfa50d-ad39-fa7f-af55-da214cfb74fc",
  "outputs": {},
  "resources": [
    {
      "mode": "managed",
      "type": "google_compute_global_address",
      "name": "private_ip_address",
      "provider": "provider[\"registry.terraform.io/hashicorp/google-beta\"]",
      "instances": [
        {
          "schema_version": 0,
          "attributes": {
            "address": "10.85.0.0",
            "address_type": "INTERNAL",
            "creation_timestamp": "2021-06-18T08:29:56.802-07:00",
            "description": "",
            "id": "projects/mvillarreal-demo-platform/global/addresses/private-ip-address",
            "ip_version": "",
            "label_fingerprint": "42WmSpB8rSM=",
            "labels": {},
            "name": "private-ip-address",
            "network": "https://www.googleapis.com/compute/v1/projects/mvillarreal-demo-platform/global/networks/private-network",
            "prefix_length": 16,
            "project": "mvillarreal-demo-platform",
            "purpose": "VPC_PEERING",
            "self_link": "https://www.googleapis.com/compute/v1/projects/mvillarreal-demo-platform/global/addresses/private-ip-address",
            "timeouts": null
          },
          "sensitive_attributes": [],
          "private": "eyJlMmJmYjczMC1lY2FhLTExZTYtOGY4OC0zNDM2M2JjN2M0YzAiOnsiY3JlYXRlIjoyNDAwMDAwMDAwMDAsImRlbGV0ZSI6MjQwMDAwMDAwMDAwLCJ1cGRhdGUiOjI0MDAwMDAwMDAwMH19",
          "dependencies": [
            "google_compute_network.private_network"
          ]
        }
      ]
    },
    {
      "mode": "managed",
      "type": "google_compute_network",
      "name": "private_network",
      "provider": "provider[\"registry.terraform.io/hashicorp/google-beta\"]",
      "instances": [
        {
          "schema_version": 0,
          "attributes": {
            "auto_create_subnetworks": true,
            "delete_default_routes_on_create": false,
            "description": "",
            "gateway_ipv4": "",
            "id": "projects/mvillarreal-demo-platform/global/networks/private-network",
            "mtu": 0,
            "name": "private-network",
            "project": "mvillarreal-demo-platform",
            "routing_mode": "REGIONAL",
            "self_link": "https://www.googleapis.com/compute/v1/projects/mvillarreal-demo-platform/global/networks/private-network",
            "timeouts": null
          },
          "sensitive_attributes": [],
          "private": "eyJlMmJmYjczMC1lY2FhLTExZTYtOGY4OC0zNDM2M2JjN2M0YzAiOnsiY3JlYXRlIjoyNDAwMDAwMDAwMDAsImRlbGV0ZSI6MjQwMDAwMDAwMDAwLCJ1cGRhdGUiOjI0MDAwMDAwMDAwMH19"
        }
      ]
    },
    {
      "mode": "managed",
      "type": "google_service_networking_connection",
      "name": "private_vpc_connection",
      "provider": "provider[\"registry.terraform.io/hashicorp/google-beta\"]",
      "instances": [
        {
          "schema_version": 0,
          "attributes": {
            "id": "https%3A%2F%2Fwww.googleapis.com%2Fcompute%2Fv1%2Fprojects%2Fmvillarreal-demo-platform%2Fglobal%2Fnetworks%2Fprivate-network:servicenetworking.googleapis.com",
            "network": "https://www.googleapis.com/compute/v1/projects/mvillarreal-demo-platform/global/networks/private-network",
            "peering": "servicenetworking-googleapis-com",
            "reserved_peering_ranges": [
              "private-ip-address"
            ],
            "service": "servicenetworking.googleapis.com",
            "timeouts": null
          },
          "sensitive_attributes": [],
          "private": "eyJlMmJmYjczMC1lY2FhLTExZTYtOGY4OC0zNDM2M2JjN2M0YzAiOnsiY3JlYXRlIjo2MDAwMDAwMDAwMDAsImRlbGV0ZSI6NjAwMDAwMDAwMDAwLCJ1cGRhdGUiOjYwMDAwMDAwMDAwMH19",
          "dependencies": [
            "google_compute_global_address.private_ip_address",
            "google_compute_network.private_network"
          ]
        }
      ]
    },
    {
      "mode": "managed",
      "type": "google_sql_database_instance",
      "name": "cloud_sql",
      "provider": "provider[\"registry.terraform.io/hashicorp/google-beta\"]",
      "instances": [
        {
          "schema_version": 0,
          "attributes": {
            "clone": [],
            "connection_name": "mvillarreal-demo-platform:us-east1:mvillarreal-pg-sql",
            "database_version": "POSTGRES_11",
            "deletion_protection": true,
            "encryption_key_name": null,
            "first_ip_address": "10.85.0.3",
            "id": "mvillarreal-pg-sql",
            "ip_address": [
              {
                "ip_address": "10.85.0.3",
                "time_to_retire": "",
                "type": "PRIVATE"
              }
            ],
            "master_instance_name": "",
            "name": "mvillarreal-pg-sql",
            "private_ip_address": "10.85.0.3",
            "project": "mvillarreal-demo-platform",
            "public_ip_address": "",
            "region": "us-east1",
            "replica_configuration": [],
            "restore_backup_context": [],
            "root_password": null,
            "self_link": "https://sqladmin.googleapis.com/sql/v1beta4/projects/mvillarreal-demo-platform/instances/mvillarreal-pg-sql",
            "server_ca_cert": [
              {
                "cert": "-----BEGIN CERTIFICATE-----\nMIIDfzCCAmegAwIBAgIBADANBgkqhkiG9w0BAQsFADB3MS0wKwYDVQQuEyRlMjJh\nMWFlYy04NzZlLTQxMjItOGM0ZS0yZGZmNGJmMDZmNWUxIzAhBgNVBAMTGkdvb2ds\nZSBDbG91ZCBTUUwgU2VydmVyIENBMRQwEgYDVQQKEwtHb29nbGUsIEluYzELMAkG\nA1UEBhMCVVMwHhcNMjEwNjE4MTU0ODU1WhcNMzEwNjE2MTU0OTU1WjB3MS0wKwYD\nVQQuEyRlMjJhMWFlYy04NzZlLTQxMjItOGM0ZS0yZGZmNGJmMDZmNWUxIzAhBgNV\nBAMTGkdvb2dsZSBDbG91ZCBTUUwgU2VydmVyIENBMRQwEgYDVQQKEwtHb29nbGUs\nIEluYzELMAkGA1UEBhMCVVMwggEiMA0GCSqGSIb3DQEBAQUAA4IBDwAwggEKAoIB\nAQCLmGvTnQ/6HioCTHjH/9Jebl0iKxfT/M3/4GPUSfYKxAQOuxYjKFRmBkiUOEaN\ncThSh1z0kGC+JdTcDOPv77daUbwW/EE1ryA6Pe+FEDqy+h6PRUovkH6Vjg6P0jeV\nqSVq3mDbCBvLtFOSeQ3WLuVw0e4dYleM78yODJowQ6eV1q0vgZ/QJqff4WqhF6bH\nzwbDBG/o+xITUgEtSmle1n/AJ20nlrNUhY+bBgeETN9LiOGFHSkVXmK/TvcWIv8j\no+WIfooaAWnN59xrBZOOD+VFQyxluX/0M9ZQ1bD7zXvT7w2lBeQ2RT31+FvegPl0\nufsGSPkWEU9JDG2C4ejZH0CZAgMBAAGjFjAUMBIGA1UdEwEB/wQIMAYBAf8CAQAw\nDQYJKoZIhvcNAQELBQADggEBAGrgh3/auHCt3UOjCViBJwYKl7k5wVqfgSoXqj8+\nFMg7wiPxW6PFrQsU8OJcdoRiO2uqKy/gLg3cH5qz9qXfY3wZJhRw0gc4kuMJxnGM\nl17Axwn8jCaATQfFb170OT1wrwEflxMhL3xY/WxynUpddLj0Tr2y+mfl4h1Di+YU\ngENN/bF14K0H2IN13OUBhIhKLDLF92jVumJkVOtEbQaZRI7TU3SZmcoXU8VsK3WM\nkdmeP3R1yMU299mXpVh1N9bNmZ39gJmO1XXRjRJkfmhG2jwD8jZRnsvTAlLSr/D4\nsh6Nfho5fwquir7RdgbPY5vxDdvSum38/HkXXc2GEYBXYrQ=\n-----END CERTIFICATE-----",
                "common_name": "C=US,O=Google\\, Inc,CN=Google Cloud SQL Server CA,dnQualifier=e22a1aec-876e-4122-8c4e-2dff4bf06f5e",
                "create_time": "2021-06-18T15:48:55.532Z",
                "expiration_time": "2031-06-16T15:49:55.532Z",
                "sha1_fingerprint": "d33188a91fe2f4b40810d30b60a8d58449055c62"
              }
            ],
            "service_account_email_address": "p417509528855-gwsd6p@gcp-sa-cloud-sql.iam.gserviceaccount.com",
            "settings": [
              {
                "activation_policy": "ALWAYS",
                "authorized_gae_applications": [],
                "availability_type": "ZONAL",
                "backup_configuration": [
                  {
                    "backup_retention_settings": [
                      {
                        "retained_backups": 7,
                        "retention_unit": "COUNT"
                      }
                    ],
                    "binary_log_enabled": false,
                    "enabled": false,
                    "location": "",
                    "point_in_time_recovery_enabled": false,
                    "start_time": "08:00",
                    "transaction_log_retention_days": 7
                  }
                ],
                "crash_safe_replication": false,
                "database_flags": [],
                "disk_autoresize": true,
                "disk_autoresize_limit": 0,
                "disk_size": 10,
                "disk_type": "PD_SSD",
                "insights_config": [],
                "ip_configuration": [
                  {
                    "authorized_networks": [],
                    "ipv4_enabled": false,
                    "private_network": "projects/mvillarreal-demo-platform/global/networks/private-network",
                    "require_ssl": false
                  }
                ],
                "location_preference": [
                  {
                    "follow_gae_application": "",
                    "zone": "us-east1-b"
                  }
                ],
                "maintenance_window": [],
                "pricing_plan": "PER_USE",
                "replication_type": "SYNCHRONOUS",
                "tier": "db-f1-micro",
                "user_labels": {
                  "environment": "demo",
                  "name": "mvillarreal-pg-sql",
                  "tier": "database",
                  "type": "postgres"
                },
                "version": 1
              }
            ],
            "timeouts": null
          },
          "sensitive_attributes": [],
          "private": "eyJlMmJmYjczMC1lY2FhLTExZTYtOGY4OC0zNDM2M2JjN2M0YzAiOnsiY3JlYXRlIjoxODAwMDAwMDAwMDAwLCJkZWxldGUiOjE4MDAwMDAwMDAwMDAsInVwZGF0ZSI6MTgwMDAwMDAwMDAwMH19",
          "dependencies": [
            "google_compute_global_address.private_ip_address",
            "google_compute_network.private_network",
            "google_service_networking_connection.private_vpc_connection"
          ]
        }
      ]
    },
    {
      "mode": "managed",
      "type": "google_vpc_access_connector",
      "name": "connector",
      "provider": "provider[\"registry.terraform.io/hashicorp/google-beta\"]",
      "instances": [
        {
          "schema_version": 0,
          "attributes": {
            "id": "projects/mvillarreal-demo-platform/locations/us-east1/connectors/vpc-conn",
            "ip_cidr_range": "10.8.0.0/28",
            "machine_type": "e2-micro",
            "max_instances": 3,
            "max_throughput": 300,
            "min_instances": 2,
            "min_throughput": 200,
            "name": "vpc-conn",
            "network": "private-network",
            "project": "mvillarreal-demo-platform",
            "region": null,
            "self_link": "projects/mvillarreal-demo-platform/locations/us-east1/connectors/vpc-conn",
            "state": "READY",
            "subnet": [],
            "timeouts": null
          },
          "sensitive_attributes": [],
          "private": "eyJlMmJmYjczMC1lY2FhLTExZTYtOGY4OC0zNDM2M2JjN2M0YzAiOnsiY3JlYXRlIjozNjAwMDAwMDAwMDAsImRlbGV0ZSI6NjAwMDAwMDAwMDAwfX0=",
          "dependencies": [
            "google_compute_network.private_network"
          ]
        }
      ]
    }
  ]
}
